
Microsoft Visual Studio Solution File, Format Version 12.00
# Visual Studio 15
VisualStudioVersion = 15.0.27428.2015
MinimumVisualStudioVersion = 10.0.40219.1
Project("{FAE04EC0-301F-11D3-BF4B-00C04F79EFBC}") = "DMMWebScraper", "DMMWebScraper\DMMWebScraper.csproj", "{88AA6053-1F16-4E85-83A9-1EE3A0D4DEFD}"
EndProject
Global
	GlobalSection(SolutionConfigurationPlatforms) = preSolution
		Debug|Any CPU = Debug|Any CPU
		Release|Any CPU = Release|Any CPU
	EndGlobalSection
	GlobalSection(ProjectConfigurationPlatforms) = postSolution
		{88AA6053-1F16-4E85-83A9-1EE3A0D4DEFD}.Debug|Any CPU.ActiveCfg = Debug|Any CPU
		{88AA6053-1F16-4E85-83A9-1EE3A0D4DEFD}.Debug|Any CPU.Build.0 = Debug|Any CPU
		{88AA6053-1F16-4E85-83A9-1EE3A0D4DEFD}.Release|Any CPU.ActiveCfg = Release|Any CPU
		{88AA6053-1F16-4E85-83A9-1EE3A0D4DEFD}.Release|Any CPU.Build.0 = Release|Any CPU
	EndGlobalSection
	GlobalSection(SolutionProperties) = preSolution
		HideSolutionNode = FALSE
	EndGlobalSection
	GlobalSection(ExtensibilityGlobals) = postSolution
		SolutionGuid = {303C268D-71F8-480E-A072-B62DE63B85F8}
	EndGlobalSection
EndGlobal
